
Microsoft Visual Studio Solution File, Format Version 12.00
# Visual Studio Version 17
VisualStudioVersion = 17.6.33723.286
MinimumVisualStudioVersion = 10.0.40219.1
Project("{9A19103F-16F7-4668-BE54-9A1E7A4F7556}") = "FileUploadDownload", "FileUploadDownload\FileUploadDownload.csproj", "{C50FC7A0-E9F9-40E7-A5D0-56FB4EFBDC7F}"
EndProject
Project("{FAE04EC0-301F-11D3-BF4B-00C04F79EFBC}") = "FileUploadDownloadAPI", "FileUploadDownloadAPI\FileUploadDownloadAPI.csproj", "{F0089676-BD6D-4380-A026-5C2A4B38CF9F}"
EndProject
Global
	GlobalSection(SolutionConfigurationPlatforms) = preSolution
		Debug|Any CPU = Debug|Any CPU
		Release|Any CPU = Release|Any CPU
	EndGlobalSection
	GlobalSection(ProjectConfigurationPlatforms) = postSolution
		{C50FC7A0-E9F9-40E7-A5D0-56FB4EFBDC7F}.Debug|Any CPU.ActiveCfg = Debug|Any CPU
		{C50FC7A0-E9F9-40E7-A5D0-56FB4EFBDC7F}.Debug|Any CPU.Build.0 = Debug|Any CPU
		{C50FC7A0-E9F9-40E7-A5D0-56FB4EFBDC7F}.Release|Any CPU.ActiveCfg = Release|Any CPU
		{C50FC7A0-E9F9-40E7-A5D0-56FB4EFBDC7F}.Release|Any CPU.Build.0 = Release|Any CPU
		{F0089676-BD6D-4380-A026-5C2A4B38CF9F}.Debug|Any CPU.ActiveCfg = Debug|Any CPU
		{F0089676-BD6D-4380-A026-5C2A4B38CF9F}.Debug|Any CPU.Build.0 = Debug|Any CPU
		{F0089676-BD6D-4380-A026-5C2A4B38CF9F}.Release|Any CPU.ActiveCfg = Release|Any CPU
		{F0089676-BD6D-4380-A026-5C2A4B38CF9F}.Release|Any CPU.Build.0 = Release|Any CPU
	EndGlobalSection
	GlobalSection(SolutionProperties) = preSolution
		HideSolutionNode = FALSE
	EndGlobalSection
	GlobalSection(ExtensibilityGlobals) = postSolution
		SolutionGuid = {67E7640C-922B-4702-B9BB-318BF8C269FE}
	EndGlobalSection
EndGlobal
